
Microsoft Visual Studio Solution File, Format Version 12.00
# Visual Studio Version 16
VisualStudioVersion = 16.0.31424.327
MinimumVisualStudioVersion = 10.0.40219.1
Project("{9A19103F-16F7-4668-BE54-9A1E7A4F7556}") = "CarMarket.Server", "CarMarket\Server\CarMarket.Server.csproj", "{C3E66059-AE3A-4C2D-AF93-7DB66977E586}"
	ProjectSection(ProjectDependencies) = postProject
		{184B98B4-903F-4934-ABF7-24D4F79F2E75} = {184B98B4-903F-4934-ABF7-24D4F79F2E75}
	EndProjectSection
EndProject
Project("{9A19103F-16F7-4668-BE54-9A1E7A4F7556}") = "CarMarket.Client", "CarMarket\Client\CarMarket.Client.csproj", "{83FE5FE3-8205-40AC-9863-82EA4B2F5AC0}"
EndProject
Project("{9A19103F-16F7-4668-BE54-9A1E7A4F7556}") = "CarMarket.Shared", "CarMarket\Shared\CarMarket.Shared.csproj", "{1DE39671-1177-4BDC-B5BF-DC6F770A8C82}"
EndProject
Project("{9A19103F-16F7-4668-BE54-9A1E7A4F7556}") = "CarMarket.BusinessLogic", "CarMarket.BusinessLogic\CarMarket.BusinessLogic.csproj", "{852192FA-A629-4628-88FD-CFE23CB9681A}"
EndProject
Project("{9A19103F-16F7-4668-BE54-9A1E7A4F7556}") = "CarMarket.Data", "CarMarket.Data\CarMarket.Data.csproj", "{3DF5493F-F15F-43A3-BF06-6D0DF3FD75A8}"
EndProject
Project("{9A19103F-16F7-4668-BE54-9A1E7A4F7556}") = "CarMarket.Core", "CarMarket.Core\CarMarket.Core.csproj", "{184B98B4-903F-4934-ABF7-24D4F79F2E75}"
EndProject
Project("{FAE04EC0-301F-11D3-BF4B-00C04F79EFBC}") = "CarMarket.Models", "CarMarket.Models\CarMarket.Models.csproj", "{5516C967-50B0-46DD-BA60-BE5F34585679}"
EndProject
Global
	GlobalSection(SolutionConfigurationPlatforms) = preSolution
		Debug|Any CPU = Debug|Any CPU
		Release|Any CPU = Release|Any CPU
	EndGlobalSection
	GlobalSection(ProjectConfigurationPlatforms) = postSolution
		{C3E66059-AE3A-4C2D-AF93-7DB66977E586}.Debug|Any CPU.ActiveCfg = Debug|Any CPU
		{C3E66059-AE3A-4C2D-AF93-7DB66977E586}.Debug|Any CPU.Build.0 = Debug|Any CPU
		{C3E66059-AE3A-4C2D-AF93-7DB66977E586}.Release|Any CPU.ActiveCfg = Release|Any CPU
		{C3E66059-AE3A-4C2D-AF93-7DB66977E586}.Release|Any CPU.Build.0 = Release|Any CPU
		{83FE5FE3-8205-40AC-9863-82EA4B2F5AC0}.Debug|Any CPU.ActiveCfg = Debug|Any CPU
		{83FE5FE3-8205-40AC-9863-82EA4B2F5AC0}.Debug|Any CPU.Build.0 = Debug|Any CPU
		{83FE5FE3-8205-40AC-9863-82EA4B2F5AC0}.Release|Any CPU.ActiveCfg = Release|Any CPU
		{83FE5FE3-8205-40AC-9863-82EA4B2F5AC0}.Release|Any CPU.Build.0 = Release|Any CPU
		{1DE39671-1177-4BDC-B5BF-DC6F770A8C82}.Debug|Any CPU.ActiveCfg = Debug|Any CPU
		{1DE39671-1177-4BDC-B5BF-DC6F770A8C82}.Debug|Any CPU.Build.0 = Debug|Any CPU
		{1DE39671-1177-4BDC-B5BF-DC6F770A8C82}.Release|Any CPU.ActiveCfg = Release|Any CPU
		{1DE39671-1177-4BDC-B5BF-DC6F770A8C82}.Release|Any CPU.Build.0 = Release|Any CPU
		{852192FA-A629-4628-88FD-CFE23CB9681A}.Debug|Any CPU.ActiveCfg = Debug|Any CPU
		{852192FA-A629-4628-88FD-CFE23CB9681A}.Debug|Any CPU.Build.0 = Debug|Any CPU
		{852192FA-A629-4628-88FD-CFE23CB9681A}.Release|Any CPU.ActiveCfg = Release|Any CPU
		{852192FA-A629-4628-88FD-CFE23CB9681A}.Release|Any CPU.Build.0 = Release|Any CPU
		{3DF5493F-F15F-43A3-BF06-6D0DF3FD75A8}.Debug|Any CPU.ActiveCfg = Debug|Any CPU
		{3DF5493F-F15F-43A3-BF06-6D0DF3FD75A8}.Debug|Any CPU.Build.0 = Debug|Any CPU
		{3DF5493F-F15F-43A3-BF06-6D0DF3FD75A8}.Release|Any CPU.ActiveCfg = Release|Any CPU
		{3DF5493F-F15F-43A3-BF06-6D0DF3FD75A8}.Release|Any CPU.Build.0 = Release|Any CPU
		{184B98B4-903F-4934-ABF7-24D4F79F2E75}.Debug|Any CPU.ActiveCfg = Debug|Any CPU
		{184B98B4-903F-4934-ABF7-24D4F79F2E75}.Debug|Any CPU.Build.0 = Debug|Any CPU
		{184B98B4-903F-4934-ABF7-24D4F79F2E75}.Release|Any CPU.ActiveCfg = Release|Any CPU
		{184B98B4-903F-4934-ABF7-24D4F79F2E75}.Release|Any CPU.Build.0 = Release|Any CPU
		{5516C967-50B0-46DD-BA60-BE5F34585679}.Debug|Any CPU.ActiveCfg = Debug|Any CPU
		{5516C967-50B0-46DD-BA60-BE5F34585679}.Debug|Any CPU.Build.0 = Debug|Any CPU
		{5516C967-50B0-46DD-BA60-BE5F34585679}.Release|Any CPU.ActiveCfg = Release|Any CPU
		{5516C967-50B0-46DD-BA60-BE5F34585679}.Release|Any CPU.Build.0 = Release|Any CPU
	EndGlobalSection
	GlobalSection(SolutionProperties) = preSolution
		HideSolutionNode = FALSE
	EndGlobalSection
	GlobalSection(ExtensibilityGlobals) = postSolution
		SolutionGuid = {CD4F1632-BD73-4374-98CE-BF0DD64B977D}
	EndGlobalSection
EndGlobal
